# This file is automatically @generated by Cargo.
# It is not intended for manual editing.
version = 3

[[package]]
name = "custom_error"
version = "1.9.2"
source = "registry+https://github.com/rust-lang/crates.io-index"
checksum = "4f8a51dd197fa6ba5b4dc98a990a43cc13693c23eb0089ebb0fcc1f04152bca6"

[[package]]
name = "project"
version = "0.1.0"
dependencies = [
 "custom_error",
]
